// !$*UTF8*$!
{
	archiveVersion = 1;
	classes = {
	};
	objectVersion = 51;
	objects = {

/* Begin PBXBuildFile section */
		BE28DB2A21823113005A36F7 /* 2f2ac91fde97f0f0268391be465543fa.png in Resources */ = {isa = PBXBuildFile; fileRef = BE28DB2921823113005A36F7 /* 2f2ac91fde97f0f0268391be465543fa.png */; };
		BE28DB2F218233AE005A36F7 /* 2f2ac91fde97f0f0268391be465543fa.png in Resources */ = {isa = PBXBuildFile; fileRef = BE28DB2C218233AE005A36F7 /* 2f2ac91fde97f0f0268391be465543fa.png */; };
		BE28DB32218234FF005A36F7 /* magic-ball-3.png in Resources */ = {isa = PBXBuildFile; fileRef = BE28DB31218234FE005A36F7 /* magic-ball-3.png */; };
		BE28DB3421823551005A36F7 /* magic-ball-3 copy.png in Resources */ = {isa = PBXBuildFile; fileRef = BE28DB3321823550005A36F7 /* magic-ball-3 copy.png */; };
		CAD772741FC9564C00417A00 /* AppDelegate.swift in Sources */ = {isa = PBXBuildFile; fileRef = CAD772731FC9564C00417A00 /* AppDelegate.swift */; };
		CAD772761FC9564C00417A00 /* ViewController.swift in Sources */ = {isa = PBXBuildFile; fileRef = CAD772751FC9564C00417A00 /* ViewController.swift */; };
		CAD772791FC9564C00417A00 /* Main.storyboard in Resources */ = {isa = PBXBuildFile; fileRef = CAD772771FC9564C00417A00 /* Main.storyboard */; };
		CAD7727B1FC9564C00417A00 /* Assets.xcassets in Resources */ = {isa = PBXBuildFile; fileRef = CAD7727A1FC9564C00417A00 /* Assets.xcassets */; };
		CAD7727E1FC9564C00417A00 /* LaunchScreen.storyboard in Resources */ = {isa = PBXBuildFile; fileRef = CAD7727C1FC9564C00417A00 /* LaunchScreen.storyboard */; };
/* End PBXBuildFile section */

/* Begin PBXFileReference section */
		BE28DB2921823113005A36F7 /* 2f2ac91fde97f0f0268391be465543fa.png */ = {isa = PBXFileReference; lastKnownFileType = image.png; path = 2f2ac91fde97f0f0268391be465543fa.png; sourceTree = "<group>"; };
		BE28DB2C218233AE005A36F7 /* 2f2ac91fde97f0f0268391be465543fa.png */ = {isa = PBXFileReference; lastKnownFileType = image.png; name = 2f2ac91fde97f0f0268391be465543fa.png; path = ../../../Downloads/2f2ac91fde97f0f0268391be465543fa.png; sourceTree = "<group>"; };
		BE28DB31218234FE005A36F7 /* magic-ball-3.png */ = {isa = PBXFileReference; lastKnownFileType = image.png; path = "magic-ball-3.png"; sourceTree = "<group>"; };
		BE28DB3321823550005A36F7 /* magic-ball-3 copy.png */ = {isa = PBXFileReference; lastKnownFileType = image.png; path = "magic-ball-3 copy.png"; sourceTree = "<group>"; };
		CAD772701FC9564C00417A00 /* MagicCrystal-Ball.app */ = {isa = PBXFileReference; explicitFileType = wrapper.application; includeInIndex = 0; path = "MagicCrystal-Ball.app"; sourceTree = BUILT_PRODUCTS_DIR; };
		CAD772731FC9564C00417A00 /* AppDelegate.swift */ = {isa = PBXFileReference; lastKnownFileType = sourcecode.swift; path = AppDelegate.swift; sourceTree = "<group>"; };
		CAD772751FC9564C00417A00 /* ViewController.swift */ = {isa = PBXFileReference; lastKnownFileType = sourcecode.swift; path = ViewController.swift; sourceTree = "<group>"; };
		CAD772781FC9564C00417A00 /* Base */ = {isa = PBXFileReference; lastKnownFileType = file.storyboard; name = Base; path = Base.lproj/Main.storyboard; sourceTree = "<group>"; };
		CAD7727A1FC9564C00417A00 /* Assets.xcassets */ = {isa = PBXFileReference; lastKnownFileType = folder.assetcatalog; path = Assets.xcassets; sourceTree = "<group>"; };
		CAD7727D1FC9564C00417A00 /* Base */ = {isa = PBXFileReference; lastKnownFileType = file.storyboard; name = Base; path = Base.lproj/LaunchScreen.storyboard; sourceTree = "<group>"; };
		CAD7727F1FC9564C00417A00 /* Info.plist */ = {isa = PBXFileReference; lastKnownFileType = text.plist.xml; path = Info.plist; sourceTree = "<group>"; };
/* End PBXFileReference section */

/* Begin PBXFrameworksBuildPhase section */
		CAD7726D1FC9564C00417A00 /* Frameworks */ = {
			isa = PBXFrameworksBuildPhase;
			buildActionMask = 2147483647;
			files = (
			);
			runOnlyForDeploymentPostprocessing = 0;
		};
/* End PBXFrameworksBuildPhase section */

/* Begin PBXGroup section */
		CAD772671FC9564C00417A00 = {
			isa = PBXGroup;
			children = (
				CAD772721FC9564C00417A00 /* MagicEightBall */,
				CAD772711FC9564C00417A00 /* Products */,
			);
			sourceTree = "<group>";
		};
		CAD772711FC9564C00417A00 /* Products */ = {
			isa = PBXGroup;
			children = (
				CAD772701FC9564C00417A00 /* MagicCrystal-Ball.app */,
			);
			name = Products;
			sourceTree = "<group>";
		};
		CAD772721FC9564C00417A00 /* MagicEightBall */ = {
			isa = PBXGroup;
			children = (
				CAD772731FC9564C00417A00 /* AppDelegate.swift */,
				CAD772751FC9564C00417A00 /* ViewController.swift */,
				CAD772771FC9564C00417A00 /* Main.storyboard */,
				CAD7727A1FC9564C00417A00 /* Assets.xcassets */,
				BE28DB3321823550005A36F7 /* magic-ball-3 copy.png */,
				BE28DB31218234FE005A36F7 /* magic-ball-3.png */,
				BE28DB2921823113005A36F7 /* 2f2ac91fde97f0f0268391be465543fa.png */,
				BE28DB2C218233AE005A36F7 /* 2f2ac91fde97f0f0268391be465543fa.png */,
				CAD7727C1FC9564C00417A00 /* LaunchScreen.storyboard */,
				CAD7727F1FC9564C00417A00 /* Info.plist */,
			);
			path = MagicEightBall;
			sourceTree = "<group>";
		};
/* End PBXGroup section */

/* Begin PBXNativeTarget section */
		CAD7726F1FC9564C00417A00 /* MagicCrystal-Ball */ = {
			isa = PBXNativeTarget;
			buildConfigurationList = CAD772821FC9564C00417A00 /* Build configuration list for PBXNativeTarget "MagicCrystal-Ball" */;
			buildPhases = (
				CAD7726C1FC9564C00417A00 /* Sources */,
				CAD7726D1FC9564C00417A00 /* Frameworks */,
				CAD7726E1FC9564C00417A00 /* Resources */,
			);
			buildRules = (
			);
			dependencies = (
			);
			name = "MagicCrystal-Ball";
			productName = MagicEightBall;
			productReference = CAD772701FC9564C00417A00 /* MagicCrystal-Ball.app */;
			productType = "com.apple.product-type.application";
		};
/* End PBXNativeTarget section */

/* Begin PBXProject section */
		CAD772681FC9564C00417A00 /* Project object */ = {
			isa = PBXProject;
			attributes = {
				LastSwiftUpdateCheck = 0910;
				LastUpgradeCheck = 0910;
				ORGANIZATIONNAME = "Kandice McGhee";
				TargetAttributes = {
					CAD7726F1FC9564C00417A00 = {
						CreatedOnToolsVersion = 9.1;
						ProvisioningStyle = Automatic;
					};
				};
			};
			buildConfigurationList = CAD7726B1FC9564C00417A00 /* Build configuration list for PBXProject "MagicCrystal-Ball" */;
			compatibilityVersion = "Xcode 10.0";
			developmentRegion = en;
			hasScannedForEncodings = 0;
			knownRegions = (
				en,
				Base,
			);
			mainGroup = CAD772671FC9564C00417A00;
			productRefGroup = CAD772711FC9564C00417A00 /* Products */;
			projectDirPath = "";
			projectRoot = "";
			targets = (
				CAD7726F1FC9564C00417A00 /* MagicCrystal-Ball */,
			);
		};
/* End PBXProject section */

/* Begin PBXResourcesBuildPhase section */
		CAD7726E1FC9564C00417A00 /* Resources */ = {
			isa = PBXResourcesBuildPhase;
			buildActionMask = 2147483647;
			files = (
				BE28DB32218234FF005A36F7 /* magic-ball-3.png in Resources */,
				BE28DB2A21823113005A36F7 /* 2f2ac91fde97f0f0268391be465543fa.png in Resources */,
				BE28DB2F218233AE005A36F7 /* 2f2ac91fde97f0f0268391be465543fa.png in Resources */,
				CAD7727E1FC9564C00417A00 /* LaunchScreen.storyboard in Resources */,
				BE28DB3421823551005A36F7 /* magic-ball-3 copy.png in Resources */,
				CAD7727B1FC9564C00417A00 /* Assets.xcassets in Resources */,
				CAD772791FC9564C00417A00 /* Main.storyboard in Resources */,
			);
			runOnlyForDeploymentPostprocessing = 0;
		};
/* End PBXResourcesBuildPhase section */

/* Begin PBXSourcesBuildPhase section */
		CAD7726C1FC9564C00417A00 /* Sources */ = {
			isa = PBXSourcesBuildPhase;
			buildActionMask = 2147483647;
			files = (
				CAD772761FC9564C00417A00 /* ViewController.swift in Sources */,
				CAD772741FC9564C00417A00 /* AppDelegate.swift in Sources */,
			);
			runOnlyForDeploymentPostprocessing = 0;
		};
/* End PBXSourcesBuildPhase section */

/* Begin PBXVariantGroup section */
		CAD772771FC9564C00417A00 /* Main.storyboard */ = {
			isa = PBXVariantGroup;
			children = (
				CAD772781FC9564C00417A00 /* Base */,
			);
			name = Main.storyboard;
			sourceTree = "<group>";
		};
		CAD7727C1FC9564C00417A00 /* LaunchScreen.storyboard */ = {
			isa = PBXVariantGroup;
			children = (
				CAD7727D1FC9564C00417A00 /* Base */,
			);
			name = LaunchScreen.storyboard;
			sourceTree = "<group>";
		};
/* End PBXVariantGroup section */

/* Begin XCBuildConfiguration section */
		CAD772801FC9564C00417A00 /* Debug */ = {
			isa = XCBuildConfiguration;
			buildSettings = {
				ALWAYS_SEARCH_USER_PATHS = NO;
				CLANG_ANALYZER_NONNULL = YES;
				CLANG_ANALYZER_NUMBER_OBJECT_CONVERSION = YES_AGGRESSIVE;
				CLANG_CXX_LANGUAGE_STANDARD = "gnu++14";
				CLANG_CXX_LIBRARY = "libc++";
				CLANG_ENABLE_MODULES = YES;
				CLANG_ENABLE_OBJC_ARC = YES;
				CLANG_WARN_BLOCK_CAPTURE_AUTORELEASING = YES;
				CLANG_WARN_BOOL_CONVERSION = YES;
				CLANG_WARN_COMMA = YES;
				CLANG_WARN_CONSTANT_CONVERSION = YES;
				CLANG_WARN_DIRECT_OBJC_ISA_USAGE = YES_ERROR;
				CLANG_WARN_DOCUMENTATION_COMMENTS = YES;
				CLANG_WARN_EMPTY_BODY = YES;
				CLANG_WARN_ENUM_CONVERSION = YES;
				CLANG_WARN_INFINITE_RECURSION = YES;
				CLANG_WARN_INT_CONVERSION = YES;
				CLANG_WARN_NON_LITERAL_NULL_CONVERSION = YES;
				CLANG_WARN_OBJC_LITERAL_CONVERSION = YES;
				CLANG_WARN_OBJC_ROOT_CLASS = YES_ERROR;
				CLANG_WARN_RANGE_LOOP_ANALYSIS = YES;
				CLANG_WARN_STRICT_PROTOTYPES = YES;
				CLANG_WARN_SUSPICIOUS_MOVE = YES;
				CLANG_WARN_UNGUARDED_AVAILABILITY = YES_AGGRESSIVE;
				CLANG_WARN_UNREACHABLE_CODE = YES;
				CLANG_WARN__DUPLICATE_METHOD_MATCH = YES;
				CODE_SIGN_IDENTITY = "iPhone Developer";
				COPY_PHASE_STRIP = NO;
				DEBUG_INFORMATION_FORMAT = dwarf;
				ENABLE_STRICT_OBJC_MSGSEND = YES;
				ENABLE_TESTABILITY = YES;
				GCC_C_LANGUAGE_STANDARD = gnu11;
				GCC_DYNAMIC_NO_PIC = NO;
				GCC_NO_COMMON_BLOCKS = YES;
				GCC_OPTIMIZATION_LEVEL = 0;
				GCC_PREPROCESSOR_DEFINITIONS = (
					"DEBUG=1",
					"$(inherited)",
				);
				GCC_WARN_64_TO_32_BIT_CONVERSION = YES;
				GCC_WARN_ABOUT_RETURN_TYPE = YES_ERROR;
				GCC_WARN_UNDECLARED_SELECTOR = YES;
				GCC_WARN_UNINITIALIZED_AUTOS = YES_AGGRESSIVE;
				GCC_WARN_UNUSED_FUNCTION = YES;
				GCC_WARN_UNUSED_VARIABLE = YES;
				IPHONEOS_DEPLOYMENT_TARGET = 11.1;
				MTL_ENABLE_DEBUG_INFO = YES;
				ONLY_ACTIVE_ARCH = YES;
				SDKROOT = iphoneos;
				SWIFT_ACTIVE_COMPILATION_CONDITIONS = DEBUG;
				SWIFT_OPTIMIZATION_LEVEL = "-Onone";
			};
			name = Debug;
		};
		CAD772811FC9564C00417A00 /* Release */ = {
			isa = XCBuildConfiguration;
			buildSettings = {
				ALWAYS_SEARCH_USER_PATHS = NO;
				CLANG_ANALYZER_NONNULL = YES;
				CLANG_ANALYZER_NUMBER_OBJECT_CONVERSION = YES_AGGRESSIVE;
				CLANG_CXX_LANGUAGE_STANDARD = "gnu++14";
				CLANG_CXX_LIBRARY = "libc++";
				CLANG_ENABLE_MODULES = YES;
				CLANG_ENABLE_OBJC_ARC = YES;
				CLANG_WARN_BLOCK_CAPTURE_AUTORELEASING = YES;
				CLANG_WARN_BOOL_CONVERSION = YES;
				CLANG_WARN_COMMA = YES;
				CLANG_WARN_CONSTANT_CONVERSION = YES;
				CLANG_WARN_DIRECT_OBJC_ISA_USAGE = YES_ERROR;
				CLANG_WARN_DOCUMENTATION_COMMENTS = YES;
				CLANG_WARN_EMPTY_BODY = YES;
				CLANG_WARN_ENUM_CONVERSION = YES;
				CLANG_WARN_INFINITE_RECURSION = YES;
				CLANG_WARN_INT_CONVERSION = YES;
				CLANG_WARN_NON_LITERAL_NULL_CONVERSION = YES;
				CLANG_WARN_OBJC_LITERAL_CONVERSION = YES;
				CLANG_WARN_OBJC_ROOT_CLASS = YES_ERROR;
				CLANG_WARN_RANGE_LOOP_ANALYSIS = YES;
				CLANG_WARN_STRICT_PROTOTYPES = YES;
				CLANG_WARN_SUSPICIOUS_MOVE = YES;
				CLANG_WARN_UNGUARDED_AVAILABILITY = YES_AGGRESSIVE;
				CLANG_WARN_UNREACHABLE_CODE = YES;
				CLANG_WARN__DUPLICATE_METHOD_MATCH = YES;
				CODE_SIGN_IDENTITY = "iPhone Developer";
				COPY_PHASE_STRIP = NO;
				DEBUG_INFORMATION_FORMAT = "dwarf-with-dsym";
				ENABLE_NS_ASSERTIONS = NO;
				ENABLE_STRICT_OBJC_MSGSEND = YES;
				GCC_C_LANGUAGE_STANDARD = gnu11;
				GCC_NO_COMMON_BLOCKS = YES;
				GCC_WARN_64_TO_32_BIT_CONVERSION = YES;
				GCC_WARN_ABOUT_RETURN_TYPE = YES_ERROR;
				GCC_WARN_UNDECLARED_SELECTOR = YES;
				GCC_WARN_UNINITIALIZED_AUTOS = YES_AGGRESSIVE;
				GCC_WARN_UNUSED_FUNCTION = YES;
				GCC_WARN_UNUSED_VARIABLE = YES;
				IPHONEOS_DEPLOYMENT_TARGET = 11.1;
				MTL_ENABLE_DEBUG_INFO = NO;
				SDKROOT = iphoneos;
				SWIFT_COMPILATION_MODE = wholemodule;
				SWIFT_OPTIMIZATION_LEVEL = "-O";
				VALIDATE_PRODUCT = YES;
			};
			name = Release;
		};
		CAD772831FC9564C00417A00 /* Debug */ = {
			isa = XCBuildConfiguration;
			buildSettings = {
				ASSETCATALOG_COMPILER_APPICON_NAME = AppIcon;
				CODE_SIGN_STYLE = Automatic;
				DEVELOPMENT_TEAM = 37C6F4857W;
				INFOPLIST_FILE = MagicEightBall/Info.plist;
				LD_RUNPATH_SEARCH_PATHS = (
					"$(inherited)",
					"@executable_path/Frameworks",
				);
				PRODUCT_BUNDLE_IDENTIFIER = com.makeschool.MagicEightBall;
				PRODUCT_NAME = "$(TARGET_NAME)";
				SWIFT_VERSION = 4.0;
				TARGETED_DEVICE_FAMILY = 1;
			};
			name = Debug;
		};
		CAD772841FC9564C00417A00 /* Release */ = {
			isa = XCBuildConfiguration;
			buildSettings = {
				ASSETCATALOG_COMPILER_APPICON_NAME = AppIcon;
				CODE_SIGN_STYLE = Automatic;
				DEVELOPMENT_TEAM = 37C6F4857W;
				INFOPLIST_FILE = MagicEightBall/Info.plist;
				LD_RUNPATH_SEARCH_PATHS = (
					"$(inherited)",
					"@executable_path/Frameworks",
				);
				PRODUCT_BUNDLE_IDENTIFIER = com.makeschool.MagicEightBall;
				PRODUCT_NAME = "$(TARGET_NAME)";
				SWIFT_VERSION = 4.0;
				TARGETED_DEVICE_FAMILY = 1;
			};
			name = Release;
		};
/* End XCBuildConfiguration section */

/* Begin XCConfigurationList section */
		CAD7726B1FC9564C00417A00 /* Build configuration list for PBXProject "MagicCrystal-Ball" */ = {
			isa = XCConfigurationList;
			buildConfigurations = (
				CAD772801FC9564C00417A00 /* Debug */,
				CAD772811FC9564C00417A00 /* Release */,
			);
			defaultConfigurationIsVisible = 0;
			defaultConfigurationName = Release;
		};
		CAD772821FC9564C00417A00 /* Build configuration list for PBXNativeTarget "MagicCrystal-Ball" */ = {
			isa = XCConfigurationList;
			buildConfigurations = (
				CAD772831FC9564C00417A00 /* Debug */,
				CAD772841FC9564C00417A00 /* Release */,
			);
			defaultConfigurationIsVisible = 0;
			defaultConfigurationName = Release;
		};
/* End XCConfigurationList section */
	};
	rootObject = CAD772681FC9564C00417A00 /* Project object */;
}
